// !$*UTF8*$!
{
	archiveVersion = 1;
	classes = {
	};
	objectVersion = 77;
	objects = {

/* Begin PBXBuildFile section */
		00DE03F68015769C21360042 /* MenuBarView.swift in Sources */ = {isa = PBXBuildFile; fileRef = 63483866467C855D5C6A2471 /* MenuBarView.swift */; };
		2DA37C1020A1FD692A41913B /* KeyboardShortcuts in Frameworks */ = {isa = PBXBuildFile; productRef = 7AD19BAC82D54B4F9FB81FFC /* KeyboardShortcuts */; };
		2EDFE68DC10B42A067596E23 /* MacDJApp.swift in Sources */ = {isa = PBXBuildFile; fileRef = 036A8904B0B545D4BBA13F78 /* MacDJApp.swift */; };
		4EF9BF810822A9736E6EE509 /* HotkeyNames.swift in Sources */ = {isa = PBXBuildFile; fileRef = 2562DA066BBF53744023CD30 /* HotkeyNames.swift */; };
		4FCE3D0F4B3F1E7EF840306E /* Assets.xcassets in Resources */ = {isa = PBXBuildFile; fileRef = 611D2947E8B5DA0F72AC9973 /* Assets.xcassets */; };
		74D41141DE3437A59E617D57 /* AudioDeviceTypes.swift in Sources */ = {isa = PBXBuildFile; fileRef = 9DA9637F85E214C7075B1879 /* AudioDeviceTypes.swift */; };
		95105C43E5BEBD65D869ED4E /* SettingsView.swift in Sources */ = {isa = PBXBuildFile; fileRef = C92A9834E2722832F29933C3 /* SettingsView.swift */; };
		AFA4F636C52686F223C6BD89 /* AudioMixer.swift in Sources */ = {isa = PBXBuildFile; fileRef = 3CA38B50E68E84FEBC447D8F /* AudioMixer.swift */; };
		B06A541CB4F4E134DB2C3BBA /* OnboardingView.swift in Sources */ = {isa = PBXBuildFile; fileRef = A041D6A9146CE532B0366718 /* OnboardingView.swift */; };
		DC82303E337898E305539BCF /* BlackHoleDetector.swift in Sources */ = {isa = PBXBuildFile; fileRef = 2FF115EAAAE4BB9760CF81B9 /* BlackHoleDetector.swift */; };
		E452F7DEB381DC0018999576 /* AudioDeviceManager.swift in Sources */ = {isa = PBXBuildFile; fileRef = 72D4C808901D5BAD233F26B7 /* AudioDeviceManager.swift */; };
		ED448CE14E61C567FB078FAF /* AppState.swift in Sources */ = {isa = PBXBuildFile; fileRef = 2CEBC8A34341EAEB2B0B638A /* AppState.swift */; };
/* End PBXBuildFile section */

/* Begin PBXFileReference section */
		036A8904B0B545D4BBA13F78 /* MacDJApp.swift */ = {isa = PBXFileReference; lastKnownFileType = sourcecode.swift; path = MacDJApp.swift; sourceTree = "<group>"; };
		2562DA066BBF53744023CD30 /* HotkeyNames.swift */ = {isa = PBXFileReference; lastKnownFileType = sourcecode.swift; path = HotkeyNames.swift; sourceTree = "<group>"; };
		29069C97D39FB68A551FD78F /* Info.plist */ = {isa = PBXFileReference; lastKnownFileType = text.plist; path = Info.plist; sourceTree = "<group>"; };
		2CEBC8A34341EAEB2B0B638A /* AppState.swift */ = {isa = PBXFileReference; lastKnownFileType = sourcecode.swift; path = AppState.swift; sourceTree = "<group>"; };
		2FF115EAAAE4BB9760CF81B9 /* BlackHoleDetector.swift */ = {isa = PBXFileReference; lastKnownFileType = sourcecode.swift; path = BlackHoleDetector.swift; sourceTree = "<group>"; };
		3CA38B50E68E84FEBC447D8F /* AudioMixer.swift */ = {isa = PBXFileReference; lastKnownFileType = sourcecode.swift; path = AudioMixer.swift; sourceTree = "<group>"; };
		611D2947E8B5DA0F72AC9973 /* Assets.xcassets */ = {isa = PBXFileReference; lastKnownFileType = folder.assetcatalog; path = Assets.xcassets; sourceTree = "<group>"; };
		63483866467C855D5C6A2471 /* MenuBarView.swift */ = {isa = PBXFileReference; lastKnownFileType = sourcecode.swift; path = MenuBarView.swift; sourceTree = "<group>"; };
		72D4C808901D5BAD233F26B7 /* AudioDeviceManager.swift */ = {isa = PBXFileReference; lastKnownFileType = sourcecode.swift; path = AudioDeviceManager.swift; sourceTree = "<group>"; };
		933B2065CDE8BBC1CAE8D02A /* MacDJ.entitlements */ = {isa = PBXFileReference; lastKnownFileType = text.plist.entitlements; path = MacDJ.entitlements; sourceTree = "<group>"; };
		9DA9637F85E214C7075B1879 /* AudioDeviceTypes.swift */ = {isa = PBXFileReference; lastKnownFileType = sourcecode.swift; path = AudioDeviceTypes.swift; sourceTree = "<group>"; };
		A041D6A9146CE532B0366718 /* OnboardingView.swift */ = {isa = PBXFileReference; lastKnownFileType = sourcecode.swift; path = OnboardingView.swift; sourceTree = "<group>"; };
		C92A9834E2722832F29933C3 /* SettingsView.swift */ = {isa = PBXFileReference; lastKnownFileType = sourcecode.swift; path = SettingsView.swift; sourceTree = "<group>"; };
		E703A5928C3EE9BC44333A1B /* MacDJ.app */ = {isa = PBXFileReference; explicitFileType = wrapper.application; includeInIndex = 0; path = MacDJ.app; sourceTree = BUILT_PRODUCTS_DIR; };
/* End PBXFileReference section */

/* Begin PBXFrameworksBuildPhase section */
		F989F6F976FBC6AA7E7662F7 /* Frameworks */ = {
			isa = PBXFrameworksBuildPhase;
			buildActionMask = 2147483647;
			files = (
				2DA37C1020A1FD692A41913B /* KeyboardShortcuts in Frameworks */,
			);
			runOnlyForDeploymentPostprocessing = 0;
		};
/* End PBXFrameworksBuildPhase section */

/* Begin PBXGroup section */
		1CD346E3FFFE51B5CF2A9BC3 /* Audio */ = {
			isa = PBXGroup;
			children = (
				72D4C808901D5BAD233F26B7 /* AudioDeviceManager.swift */,
				9DA9637F85E214C7075B1879 /* AudioDeviceTypes.swift */,
				3CA38B50E68E84FEBC447D8F /* AudioMixer.swift */,
				2FF115EAAAE4BB9760CF81B9 /* BlackHoleDetector.swift */,
			);
			path = Audio;
			sourceTree = "<group>";
		};
		48D87DA2B6F66BCF28EA4938 /* Utilities */ = {
			isa = PBXGroup;
			children = (
				2562DA066BBF53744023CD30 /* HotkeyNames.swift */,
			);
			path = Utilities;
			sourceTree = "<group>";
		};
		79B78B3A8D95F934FD211032 /* Products */ = {
			isa = PBXGroup;
			children = (
				E703A5928C3EE9BC44333A1B /* MacDJ.app */,
			);
			name = Products;
			sourceTree = "<group>";
		};
		B9FE096585BB7EC78C0947FF /* App */ = {
			isa = PBXGroup;
			children = (
				2CEBC8A34341EAEB2B0B638A /* AppState.swift */,
				63483866467C855D5C6A2471 /* MenuBarView.swift */,
				A041D6A9146CE532B0366718 /* OnboardingView.swift */,
				C92A9834E2722832F29933C3 /* SettingsView.swift */,
			);
			path = App;
			sourceTree = "<group>";
		};
		C5CE8D3E81F244222D337E7A = {
			isa = PBXGroup;
			children = (
				E5BD80E16FDE29626BC0E7BF /* MacDJ */,
				79B78B3A8D95F934FD211032 /* Products */,
			);
			sourceTree = "<group>";
		};
		E5BD80E16FDE29626BC0E7BF /* MacDJ */ = {
			isa = PBXGroup;
			children = (
				611D2947E8B5DA0F72AC9973 /* Assets.xcassets */,
				29069C97D39FB68A551FD78F /* Info.plist */,
				933B2065CDE8BBC1CAE8D02A /* MacDJ.entitlements */,
				036A8904B0B545D4BBA13F78 /* MacDJApp.swift */,
				B9FE096585BB7EC78C0947FF /* App */,
				1CD346E3FFFE51B5CF2A9BC3 /* Audio */,
				48D87DA2B6F66BCF28EA4938 /* Utilities */,
			);
			path = MacDJ;
			sourceTree = "<group>";
		};
/* End PBXGroup section */

/* Begin PBXNativeTarget section */
		F1BF7311B68FEA2FC9CD1CD4 /* MacDJ */ = {
			isa = PBXNativeTarget;
			buildConfigurationList = 49C27D84A01948196F2D23C6 /* Build configuration list for PBXNativeTarget "MacDJ" */;
			buildPhases = (
				303E5E01EFBDBC0C03F822AB /* Sources */,
				239C26B844AB7FC53783AC92 /* Resources */,
				F989F6F976FBC6AA7E7662F7 /* Frameworks */,
			);
			buildRules = (
			);
			dependencies = (
			);
			name = MacDJ;
			packageProductDependencies = (
				7AD19BAC82D54B4F9FB81FFC /* KeyboardShortcuts */,
			);
			productName = MacDJ;
			productReference = E703A5928C3EE9BC44333A1B /* MacDJ.app */;
			productType = "com.apple.product-type.application";
		};
/* End PBXNativeTarget section */

/* Begin PBXProject section */
		D324726ABD834DB989655C1E /* Project object */ = {
			isa = PBXProject;
			attributes = {
				BuildIndependentTargetsInParallel = YES;
				LastUpgradeCheck = 1600;
				TargetAttributes = {
					F1BF7311B68FEA2FC9CD1CD4 = {
						ProvisioningStyle = Automatic;
					};
				};
			};
			buildConfigurationList = 8E2919FF0878B56C1F7C9313 /* Build configuration list for PBXProject "MacDJ" */;
			developmentRegion = en;
			hasScannedForEncodings = 0;
			knownRegions = (
				Base,
				en,
			);
			mainGroup = C5CE8D3E81F244222D337E7A;
			minimizedProjectReferenceProxies = 1;
			packageReferences = (
				A90A4829404D6E1EB78FB528 /* XCRemoteSwiftPackageReference "KeyboardShortcuts" */,
			);
			preferredProjectObjectVersion = 77;
			productRefGroup = 79B78B3A8D95F934FD211032 /* Products */;
			projectDirPath = "";
			projectRoot = "";
			targets = (
				F1BF7311B68FEA2FC9CD1CD4 /* MacDJ */,
			);
		};
/* End PBXProject section */

/* Begin PBXResourcesBuildPhase section */
		239C26B844AB7FC53783AC92 /* Resources */ = {
			isa = PBXResourcesBuildPhase;
			buildActionMask = 2147483647;
			files = (
				4FCE3D0F4B3F1E7EF840306E /* Assets.xcassets in Resources */,
			);
			runOnlyForDeploymentPostprocessing = 0;
		};
/* End PBXResourcesBuildPhase section */

/* Begin PBXSourcesBuildPhase section */
		303E5E01EFBDBC0C03F822AB /* Sources */ = {
			isa = PBXSourcesBuildPhase;
			buildActionMask = 2147483647;
			files = (
				ED448CE14E61C567FB078FAF /* AppState.swift in Sources */,
				E452F7DEB381DC0018999576 /* AudioDeviceManager.swift in Sources */,
				74D41141DE3437A59E617D57 /* AudioDeviceTypes.swift in Sources */,
				AFA4F636C52686F223C6BD89 /* AudioMixer.swift in Sources */,
				DC82303E337898E305539BCF /* BlackHoleDetector.swift in Sources */,
				4EF9BF810822A9736E6EE509 /* HotkeyNames.swift in Sources */,
				2EDFE68DC10B42A067596E23 /* MacDJApp.swift in Sources */,
				00DE03F68015769C21360042 /* MenuBarView.swift in Sources */,
				B06A541CB4F4E134DB2C3BBA /* OnboardingView.swift in Sources */,
				95105C43E5BEBD65D869ED4E /* SettingsView.swift in Sources */,
			);
			runOnlyForDeploymentPostprocessing = 0;
		};
/* End PBXSourcesBuildPhase section */

/* Begin XCBuildConfiguration section */
		3E582DB3C0D953A6E669345A /* Release */ = {
			isa = XCBuildConfiguration;
			buildSettings = {
				ASSETCATALOG_COMPILER_APPICON_NAME = AppIcon;
				CODE_SIGN_ENTITLEMENTS = MacDJ/MacDJ.entitlements;
				CODE_SIGN_STYLE = Automatic;
				COMBINE_HIDPI_IMAGES = YES;
				CURRENT_PROJECT_VERSION = 1;
				ENABLE_HARDENED_RUNTIME = YES;
				INFOPLIST_FILE = MacDJ/Info.plist;
				LD_RUNPATH_SEARCH_PATHS = (
					"$(inherited)",
					"@executable_path/../Frameworks",
				);
				MARKETING_VERSION = 1.0.0;
				PRODUCT_BUNDLE_IDENTIFIER = com.forma.macdj;
				SDKROOT = macosx;
				SWIFT_VERSION = 6.0;
			};
			name = Release;
		};
		4373431C64EF8A28F977A5A9 /* Release */ = {
			isa = XCBuildConfiguration;
			buildSettings = {
				ALWAYS_SEARCH_USER_PATHS = NO;
				CLANG_ANALYZER_NONNULL = YES;
				CLANG_ANALYZER_NUMBER_OBJECT_CONVERSION = YES_AGGRESSIVE;
				CLANG_CXX_LANGUAGE_STANDARD = "gnu++14";
				CLANG_CXX_LIBRARY = "libc++";
				CLANG_ENABLE_MODULES = YES;
				CLANG_ENABLE_OBJC_ARC = YES;
				CLANG_ENABLE_OBJC_WEAK = YES;
				CLANG_WARN_BLOCK_CAPTURE_AUTORELEASING = YES;
				CLANG_WARN_BOOL_CONVERSION = YES;
				CLANG_WARN_COMMA = YES;
				CLANG_WARN_CONSTANT_CONVERSION = YES;
				CLANG_WARN_DEPRECATED_OBJC_IMPLEMENTATIONS = YES;
				CLANG_WARN_DIRECT_OBJC_ISA_USAGE = YES_ERROR;
				CLANG_WARN_DOCUMENTATION_COMMENTS = YES;
				CLANG_WARN_EMPTY_BODY = YES;
				CLANG_WARN_ENUM_CONVERSION = YES;
				CLANG_WARN_INFINITE_RECURSION = YES;
				CLANG_WARN_INT_CONVERSION = YES;
				CLANG_WARN_NON_LITERAL_NULL_CONVERSION = YES;
				CLANG_WARN_OBJC_IMPLICIT_RETAIN_SELF = YES;
				CLANG_WARN_OBJC_LITERAL_CONVERSION = YES;
				CLANG_WARN_OBJC_ROOT_CLASS = YES_ERROR;
				CLANG_WARN_QUOTED_INCLUDE_IN_FRAMEWORK_HEADER = YES;
				CLANG_WARN_RANGE_LOOP_ANALYSIS = YES;
				CLANG_WARN_STRICT_PROTOTYPES = YES;
				CLANG_WARN_SUSPICIOUS_MOVE = YES;
				CLANG_WARN_UNGUARDED_AVAILABILITY = YES_AGGRESSIVE;
				CLANG_WARN_UNREACHABLE_CODE = YES;
				CLANG_WARN__DUPLICATE_METHOD_MATCH = YES;
				COPY_PHASE_STRIP = NO;
				DEBUG_INFORMATION_FORMAT = "dwarf-with-dsym";
				ENABLE_NS_ASSERTIONS = NO;
				ENABLE_STRICT_OBJC_MSGSEND = YES;
				GCC_C_LANGUAGE_STANDARD = gnu11;
				GCC_NO_COMMON_BLOCKS = YES;
				GCC_WARN_64_TO_32_BIT_CONVERSION = YES;
				GCC_WARN_ABOUT_RETURN_TYPE = YES_ERROR;
				GCC_WARN_UNDECLARED_SELECTOR = YES;
				GCC_WARN_UNINITIALIZED_AUTOS = YES_AGGRESSIVE;
				GCC_WARN_UNUSED_FUNCTION = YES;
				GCC_WARN_UNUSED_VARIABLE = YES;
				MACOSX_DEPLOYMENT_TARGET = 14.0;
				MTL_ENABLE_DEBUG_INFO = NO;
				MTL_FAST_MATH = YES;
				PRODUCT_NAME = "$(TARGET_NAME)";
				SDKROOT = macosx;
				SWIFT_COMPILATION_MODE = wholemodule;
				SWIFT_OPTIMIZATION_LEVEL = "-O";
				SWIFT_VERSION = 5.0;
			};
			name = Release;
		};
		6568083F38E1E14F25821DA7 /* Debug */ = {
			isa = XCBuildConfiguration;
			buildSettings = {
				ALWAYS_SEARCH_USER_PATHS = NO;
				CLANG_ANALYZER_NONNULL = YES;
				CLANG_ANALYZER_NUMBER_OBJECT_CONVERSION = YES_AGGRESSIVE;
				CLANG_CXX_LANGUAGE_STANDARD = "gnu++14";
				CLANG_CXX_LIBRARY = "libc++";
				CLANG_ENABLE_MODULES = YES;
				CLANG_ENABLE_OBJC_ARC = YES;
				CLANG_ENABLE_OBJC_WEAK = YES;
				CLANG_WARN_BLOCK_CAPTURE_AUTORELEASING = YES;
				CLANG_WARN_BOOL_CONVERSION = YES;
				CLANG_WARN_COMMA = YES;
				CLANG_WARN_CONSTANT_CONVERSION = YES;
				CLANG_WARN_DEPRECATED_OBJC_IMPLEMENTATIONS = YES;
				CLANG_WARN_DIRECT_OBJC_ISA_USAGE = YES_ERROR;
				CLANG_WARN_DOCUMENTATION_COMMENTS = YES;
				CLANG_WARN_EMPTY_BODY = YES;
				CLANG_WARN_ENUM_CONVERSION = YES;
				CLANG_WARN_INFINITE_RECURSION = YES;
				CLANG_WARN_INT_CONVERSION = YES;
				CLANG_WARN_NON_LITERAL_NULL_CONVERSION = YES;
				CLANG_WARN_OBJC_IMPLICIT_RETAIN_SELF = YES;
				CLANG_WARN_OBJC_LITERAL_CONVERSION = YES;
				CLANG_WARN_OBJC_ROOT_CLASS = YES_ERROR;
				CLANG_WARN_QUOTED_INCLUDE_IN_FRAMEWORK_HEADER = YES;
				CLANG_WARN_RANGE_LOOP_ANALYSIS = YES;
				CLANG_WARN_STRICT_PROTOTYPES = YES;
				CLANG_WARN_SUSPICIOUS_MOVE = YES;
				CLANG_WARN_UNGUARDED_AVAILABILITY = YES_AGGRESSIVE;
				CLANG_WARN_UNREACHABLE_CODE = YES;
				CLANG_WARN__DUPLICATE_METHOD_MATCH = YES;
				COPY_PHASE_STRIP = NO;
				DEBUG_INFORMATION_FORMAT = dwarf;
				ENABLE_STRICT_OBJC_MSGSEND = YES;
				ENABLE_TESTABILITY = YES;
				GCC_C_LANGUAGE_STANDARD = gnu11;
				GCC_DYNAMIC_NO_PIC = NO;
				GCC_NO_COMMON_BLOCKS = YES;
				GCC_OPTIMIZATION_LEVEL = 0;
				GCC_PREPROCESSOR_DEFINITIONS = (
					"$(inherited)",
					"DEBUG=1",
				);
				GCC_WARN_64_TO_32_BIT_CONVERSION = YES;
				GCC_WARN_ABOUT_RETURN_TYPE = YES_ERROR;
				GCC_WARN_UNDECLARED_SELECTOR = YES;
				GCC_WARN_UNINITIALIZED_AUTOS = YES_AGGRESSIVE;
				GCC_WARN_UNUSED_FUNCTION = YES;
				GCC_WARN_UNUSED_VARIABLE = YES;
				MACOSX_DEPLOYMENT_TARGET = 14.0;
				MTL_ENABLE_DEBUG_INFO = INCLUDE_SOURCE;
				MTL_FAST_MATH = YES;
				ONLY_ACTIVE_ARCH = YES;
				PRODUCT_NAME = "$(TARGET_NAME)";
				SDKROOT = macosx;
				SWIFT_ACTIVE_COMPILATION_CONDITIONS = DEBUG;
				SWIFT_OPTIMIZATION_LEVEL = "-Onone";
				SWIFT_VERSION = 5.0;
			};
			name = Debug;
		};
		BA5784B672D24BF95A50151C /* Debug */ = {
			isa = XCBuildConfiguration;
			buildSettings = {
				ASSETCATALOG_COMPILER_APPICON_NAME = AppIcon;
				CODE_SIGN_ENTITLEMENTS = MacDJ/MacDJ.entitlements;
				CODE_SIGN_STYLE = Automatic;
				COMBINE_HIDPI_IMAGES = YES;
				CURRENT_PROJECT_VERSION = 1;
				ENABLE_HARDENED_RUNTIME = YES;
				INFOPLIST_FILE = MacDJ/Info.plist;
				LD_RUNPATH_SEARCH_PATHS = (
					"$(inherited)",
					"@executable_path/../Frameworks",
				);
				MARKETING_VERSION = 1.0.0;
				PRODUCT_BUNDLE_IDENTIFIER = com.forma.macdj;
				SDKROOT = macosx;
				SWIFT_VERSION = 6.0;
			};
			name = Debug;
		};
/* End XCBuildConfiguration section */

/* Begin XCConfigurationList section */
		49C27D84A01948196F2D23C6 /* Build configuration list for PBXNativeTarget "MacDJ" */ = {
			isa = XCConfigurationList;
			buildConfigurations = (
				BA5784B672D24BF95A50151C /* Debug */,
				3E582DB3C0D953A6E669345A /* Release */,
			);
			defaultConfigurationIsVisible = 0;
			defaultConfigurationName = Debug;
		};
		8E2919FF0878B56C1F7C9313 /* Build configuration list for PBXProject "MacDJ" */ = {
			isa = XCConfigurationList;
			buildConfigurations = (
				6568083F38E1E14F25821DA7 /* Debug */,
				4373431C64EF8A28F977A5A9 /* Release */,
			);
			defaultConfigurationIsVisible = 0;
			defaultConfigurationName = Debug;
		};
/* End XCConfigurationList section */

/* Begin XCRemoteSwiftPackageReference section */
		A90A4829404D6E1EB78FB528 /* XCRemoteSwiftPackageReference "KeyboardShortcuts" */ = {
			isa = XCRemoteSwiftPackageReference;
			repositoryURL = "https://github.com/sindresorhus/KeyboardShortcuts";
			requirement = {
				kind = upToNextMajorVersion;
				minimumVersion = 2.0.0;
			};
		};
/* End XCRemoteSwiftPackageReference section */

/* Begin XCSwiftPackageProductDependency section */
		7AD19BAC82D54B4F9FB81FFC /* KeyboardShortcuts */ = {
			isa = XCSwiftPackageProductDependency;
			package = A90A4829404D6E1EB78FB528 /* XCRemoteSwiftPackageReference "KeyboardShortcuts" */;
			productName = KeyboardShortcuts;
		};
/* End XCSwiftPackageProductDependency section */
	};
	rootObject = D324726ABD834DB989655C1E /* Project object */;
}
